
Microsoft Visual Studio Solution File, Format Version 12.00
# Visual Studio Version 17
VisualStudioVersion = 17.0.31903.59
MinimumVisualStudioVersion = 10.0.40219.1
Project("{2150E333-8FDC-42A3-9474-1A3956D46DE8}") = "src", "src", "{702F379E-B2C6-412A-BFF9-5E4E8F349D74}"
EndProject
Project("{FAE04EC0-301F-11D3-BF4B-00C04F79EFBC}") = "ArchSoft.OpenErp.Enums.PtBr", "src\ArchSoft.OpenErp.Enums.PtBr\ArchSoft.OpenErp.Enums.PtBr.csproj", "{B7521899-CFB2-4279-898B-3D29371D8516}"
EndProject
Project("{2150E333-8FDC-42A3-9474-1A3956D46DE8}") = "test", "test", "{BA276D7E-F2DA-4F21-A677-8131B1FF7AD7}"
EndProject
Project("{FAE04EC0-301F-11D3-BF4B-00C04F79EFBC}") = "ArchSoft.OpenErp.Enums.PtBr.UnitTest", "test\ArchSoft.OpenErp.Enums.PtBr.UnitTest\ArchSoft.OpenErp.Enums.PtBr.UnitTest.csproj", "{94FF3FF1-D42E-4B71-93F7-07DDBF986811}"
EndProject
Global
	GlobalSection(SolutionConfigurationPlatforms) = preSolution
		Debug|Any CPU = Debug|Any CPU
		Release|Any CPU = Release|Any CPU
	EndGlobalSection
	GlobalSection(SolutionProperties) = preSolution
		HideSolutionNode = FALSE
	EndGlobalSection
	GlobalSection(ProjectConfigurationPlatforms) = postSolution
		{B7521899-CFB2-4279-898B-3D29371D8516}.Debug|Any CPU.ActiveCfg = Debug|Any CPU
		{B7521899-CFB2-4279-898B-3D29371D8516}.Debug|Any CPU.Build.0 = Debug|Any CPU
		{B7521899-CFB2-4279-898B-3D29371D8516}.Release|Any CPU.ActiveCfg = Release|Any CPU
		{B7521899-CFB2-4279-898B-3D29371D8516}.Release|Any CPU.Build.0 = Release|Any CPU
		{94FF3FF1-D42E-4B71-93F7-07DDBF986811}.Debug|Any CPU.ActiveCfg = Debug|Any CPU
		{94FF3FF1-D42E-4B71-93F7-07DDBF986811}.Debug|Any CPU.Build.0 = Debug|Any CPU
		{94FF3FF1-D42E-4B71-93F7-07DDBF986811}.Release|Any CPU.ActiveCfg = Release|Any CPU
		{94FF3FF1-D42E-4B71-93F7-07DDBF986811}.Release|Any CPU.Build.0 = Release|Any CPU
	EndGlobalSection
	GlobalSection(NestedProjects) = preSolution
		{B7521899-CFB2-4279-898B-3D29371D8516} = {702F379E-B2C6-412A-BFF9-5E4E8F349D74}
		{94FF3FF1-D42E-4B71-93F7-07DDBF986811} = {BA276D7E-F2DA-4F21-A677-8131B1FF7AD7}
	EndGlobalSection
EndGlobal
